# This file is generated by running "yarn install" inside your project.
# Manual changes might be lost - proceed with caution!

__metadata:
  version: 8
  cacheKey: 10c0

"@illusionalsagacity/rescript-material-ui-ppx@workspace:.":
  version: 0.0.0-use.local
  resolution: "@illusionalsagacity/rescript-material-ui-ppx@workspace:."
  dependencies:
    rescript: "npm:^11.1.4"
  peerDependencies:
    "@material-ui/core": 4.12.3
    "@rescript/react": ~0.10.3 || ~0.11.0 || ~0.12.0 || ~0.13.0
    react: ^16.8.0 || ^17.0.0 || ^18.0.0
    react-dom: ^16.8.0 || ^17.0.0 || ^18.0.0
    rescript: ^9.1.2 || ^10.0.0 || ^11.0.0
    rescript-material-ui: ^3.0.0
  languageName: unknown
  linkType: soft

"rescript@npm:^11.1.4":
  version: 11.1.4
  resolution: "rescript@npm:11.1.4"
  bin:
    bsc: bsc
    bstracing: lib/bstracing
    rescript: rescript
  checksum: 10c0/7f12186a84209f586457a60e65755fcdfbcbb503ac805c60ab5132ce4c927bc264c3b851419ed5498ba7dc4066723377bb7453f893f482a0ccd424986d02beba
  languageName: node
  linkType: hard
